// !$*UTF8*$!
{
	archiveVersion = 1;
	classes = {
	};
	objectVersion = 56;
	objects = {

/* Begin PBXBuildFile section */
		6092D95A2BE03D2800A5BB44 /* Colors.swift in Sources */ = {isa = PBXBuildFile; fileRef = 6092D9592BE03D2800A5BB44 /* Colors.swift */; };
		6092D95D2BE03E9600A5BB44 /* TitleScreen.swift in Sources */ = {isa = PBXBuildFile; fileRef = 6092D95C2BE03E9600A5BB44 /* TitleScreen.swift */; };
		6092D9602BE03FED00A5BB44 /* EmailScreen.swift in Sources */ = {isa = PBXBuildFile; fileRef = 6092D95F2BE03FED00A5BB44 /* EmailScreen.swift */; };
		6092D9622BE041BF00A5BB44 /* Persistence.swift in Sources */ = {isa = PBXBuildFile; fileRef = 6092D9612BE041BF00A5BB44 /* Persistence.swift */; };
		6092D9662BE042C500A5BB44 /* BrowseView.swift in Sources */ = {isa = PBXBuildFile; fileRef = 6092D9652BE042C500A5BB44 /* BrowseView.swift */; };
		6092D9682BE042E500A5BB44 /* SearchBarView.swift in Sources */ = {isa = PBXBuildFile; fileRef = 6092D9672BE042E500A5BB44 /* SearchBarView.swift */; };
		6092D96B2BE045EE00A5BB44 /* MockMovieDetailsModel.swift in Sources */ = {isa = PBXBuildFile; fileRef = 6092D96A2BE045EE00A5BB44 /* MockMovieDetailsModel.swift */; };
		6092D9702BE0466300A5BB44 /* DebounceTextFieldModel.swift in Sources */ = {isa = PBXBuildFile; fileRef = 6092D96F2BE0466300A5BB44 /* DebounceTextFieldModel.swift */; };
		6092D9722BE051C300A5BB44 /* GenreTagView.swift in Sources */ = {isa = PBXBuildFile; fileRef = 6092D9712BE051C300A5BB44 /* GenreTagView.swift */; };
		6092D9742BE0529A00A5BB44 /* GenresView.swift in Sources */ = {isa = PBXBuildFile; fileRef = 6092D9732BE0529A00A5BB44 /* GenresView.swift */; };
		6092D9762BE0539000A5BB44 /* MovieDetailsView.swift in Sources */ = {isa = PBXBuildFile; fileRef = 6092D9752BE0539000A5BB44 /* MovieDetailsView.swift */; };
		6092D9782BE053D900A5BB44 /* MovieDetailsModel.swift in Sources */ = {isa = PBXBuildFile; fileRef = 6092D9772BE053D900A5BB44 /* MovieDetailsModel.swift */; };
		6092D97A2BE055C900A5BB44 /* MovieRowView.swift in Sources */ = {isa = PBXBuildFile; fileRef = 6092D9792BE055C900A5BB44 /* MovieRowView.swift */; };
		6092D97D2BE058AC00A5BB44 /* InterFontExtension.swift in Sources */ = {isa = PBXBuildFile; fileRef = 6092D97C2BE058AC00A5BB44 /* InterFontExtension.swift */; };
		6092D9912BE0592400A5BB44 /* Inter-Black.otf in Resources */ = {isa = PBXBuildFile; fileRef = 6092D97E2BE0592300A5BB44 /* Inter-Black.otf */; };
		6092D9922BE0592400A5BB44 /* Inter-Light.otf in Resources */ = {isa = PBXBuildFile; fileRef = 6092D97F2BE0592300A5BB44 /* Inter-Light.otf */; };
		6092D9932BE0592400A5BB44 /* Inter-Medium.otf in Resources */ = {isa = PBXBuildFile; fileRef = 6092D9802BE0592300A5BB44 /* Inter-Medium.otf */; };
		6092D9942BE0592400A5BB44 /* Inter-ExtraBold.otf in Resources */ = {isa = PBXBuildFile; fileRef = 6092D9812BE0592300A5BB44 /* Inter-ExtraBold.otf */; };
		6092D9952BE0592400A5BB44 /* Inter-SemiBold.otf in Resources */ = {isa = PBXBuildFile; fileRef = 6092D9822BE0592300A5BB44 /* Inter-SemiBold.otf */; };
		6092D9962BE0592400A5BB44 /* Inter-SemiBoldItalic.otf in Resources */ = {isa = PBXBuildFile; fileRef = 6092D9832BE0592300A5BB44 /* Inter-SemiBoldItalic.otf */; };
		6092D9972BE0592400A5BB44 /* Inter-Thin.otf in Resources */ = {isa = PBXBuildFile; fileRef = 6092D9842BE0592300A5BB44 /* Inter-Thin.otf */; };
		6092D9982BE0592400A5BB44 /* Inter-BlackItalic.otf in Resources */ = {isa = PBXBuildFile; fileRef = 6092D9852BE0592300A5BB44 /* Inter-BlackItalic.otf */; };
		6092D9992BE0592400A5BB44 /* Inter-ExtraLightItalic.otf in Resources */ = {isa = PBXBuildFile; fileRef = 6092D9862BE0592300A5BB44 /* Inter-ExtraLightItalic.otf */; };
		6092D99A2BE0592400A5BB44 /* Inter-ThinItalic.otf in Resources */ = {isa = PBXBuildFile; fileRef = 6092D9872BE0592300A5BB44 /* Inter-ThinItalic.otf */; };
		6092D99B2BE0592400A5BB44 /* Inter-BoldItalic.otf in Resources */ = {isa = PBXBuildFile; fileRef = 6092D9882BE0592300A5BB44 /* Inter-BoldItalic.otf */; };
		6092D99C2BE0592400A5BB44 /* Inter-LightItalic.otf in Resources */ = {isa = PBXBuildFile; fileRef = 6092D9892BE0592300A5BB44 /* Inter-LightItalic.otf */; };
		6092D99D2BE0592400A5BB44 /* Inter-Bold.otf in Resources */ = {isa = PBXBuildFile; fileRef = 6092D98A2BE0592300A5BB44 /* Inter-Bold.otf */; };
		6092D99E2BE0592400A5BB44 /* Inter-Regular.otf in Resources */ = {isa = PBXBuildFile; fileRef = 6092D98B2BE0592300A5BB44 /* Inter-Regular.otf */; };
		6092D99F2BE0592400A5BB44 /* Inter-ExtraBoldItalic.otf in Resources */ = {isa = PBXBuildFile; fileRef = 6092D98C2BE0592300A5BB44 /* Inter-ExtraBoldItalic.otf */; };
		6092D9A02BE0592400A5BB44 /* Inter-MediumItalic.otf in Resources */ = {isa = PBXBuildFile; fileRef = 6092D98D2BE0592300A5BB44 /* Inter-MediumItalic.otf */; };
		6092D9A12BE0592400A5BB44 /* Inter-V.ttf in Resources */ = {isa = PBXBuildFile; fileRef = 6092D98E2BE0592400A5BB44 /* Inter-V.ttf */; };
		6092D9A22BE0592400A5BB44 /* Inter-Italic.otf in Resources */ = {isa = PBXBuildFile; fileRef = 6092D98F2BE0592400A5BB44 /* Inter-Italic.otf */; };
		6092D9A32BE0592400A5BB44 /* Inter-ExtraLight.otf in Resources */ = {isa = PBXBuildFile; fileRef = 6092D9902BE0592400A5BB44 /* Inter-ExtraLight.otf */; };
		6092D9A52BE0597000A5BB44 /* APIKeys.swift in Sources */ = {isa = PBXBuildFile; fileRef = 6092D9A42BE0597000A5BB44 /* APIKeys.swift */; };
		6092D9A72BE1E6FE00A5BB44 /* PasswordScreen.swift in Sources */ = {isa = PBXBuildFile; fileRef = 6092D9A62BE1E6FE00A5BB44 /* PasswordScreen.swift */; };
		6092D9A92BE1E87B00A5BB44 /* NameScreen.swift in Sources */ = {isa = PBXBuildFile; fileRef = 6092D9A82BE1E87B00A5BB44 /* NameScreen.swift */; };
		6092D9AB2BE1E8AC00A5BB44 /* UsernameScreen.swift in Sources */ = {isa = PBXBuildFile; fileRef = 6092D9AA2BE1E8AC00A5BB44 /* UsernameScreen.swift */; };
		6092D9AF2BE7670800A5BB44 /* FirebaseAuth in Frameworks */ = {isa = PBXBuildFile; productRef = 6092D9AE2BE7670800A5BB44 /* FirebaseAuth */; };
		6092D9B12BE7670800A5BB44 /* FirebaseDatabase in Frameworks */ = {isa = PBXBuildFile; productRef = 6092D9B02BE7670800A5BB44 /* FirebaseDatabase */; };
		6092D9B32BE7670800A5BB44 /* FirebaseFirestore in Frameworks */ = {isa = PBXBuildFile; productRef = 6092D9B22BE7670800A5BB44 /* FirebaseFirestore */; };
		6092D9B52BE82AE000A5BB44 /* GoogleService-Info.plist in Resources */ = {isa = PBXBuildFile; fileRef = 6092D9B42BE82AE000A5BB44 /* GoogleService-Info.plist */; };
		6092D9B82BE9963E00A5BB44 /* SignIn.swift in Sources */ = {isa = PBXBuildFile; fileRef = 6092D9B72BE9963E00A5BB44 /* SignIn.swift */; };
		60C8937C2BA91510003EC191 /* SeenApp.swift in Sources */ = {isa = PBXBuildFile; fileRef = 60C8937B2BA91510003EC191 /* SeenApp.swift */; };
		60C893822BA91511003EC191 /* Assets.xcassets in Resources */ = {isa = PBXBuildFile; fileRef = 60C893812BA91511003EC191 /* Assets.xcassets */; };
		60C893852BA91511003EC191 /* Preview Assets.xcassets in Resources */ = {isa = PBXBuildFile; fileRef = 60C893842BA91511003EC191 /* Preview Assets.xcassets */; };
		60C8938F2BA91511003EC191 /* SeenTests.swift in Sources */ = {isa = PBXBuildFile; fileRef = 60C8938E2BA91511003EC191 /* SeenTests.swift */; };
		60C893992BA91511003EC191 /* SeenUITests.swift in Sources */ = {isa = PBXBuildFile; fileRef = 60C893982BA91511003EC191 /* SeenUITests.swift */; };
		60C8939B2BA91511003EC191 /* SeenUITestsLaunchTests.swift in Sources */ = {isa = PBXBuildFile; fileRef = 60C8939A2BA91511003EC191 /* SeenUITestsLaunchTests.swift */; };
		60E241912BEB1B7600FEFA36 /* ProfileScreen.swift in Sources */ = {isa = PBXBuildFile; fileRef = 60E241902BEB1B7600FEFA36 /* ProfileScreen.swift */; };
		60E241932BEB1CD500FEFA36 /* Template.swift in Sources */ = {isa = PBXBuildFile; fileRef = 60E241922BEB1CD500FEFA36 /* Template.swift */; };
/* End PBXBuildFile section */

/* Begin PBXContainerItemProxy section */
		60C8938B2BA91511003EC191 /* PBXContainerItemProxy */ = {
			isa = PBXContainerItemProxy;
			containerPortal = 60C893702BA91510003EC191 /* Project object */;
			proxyType = 1;
			remoteGlobalIDString = 60C893772BA91510003EC191;
			remoteInfo = Seen;
		};
		60C893952BA91511003EC191 /* PBXContainerItemProxy */ = {
			isa = PBXContainerItemProxy;
			containerPortal = 60C893702BA91510003EC191 /* Project object */;
			proxyType = 1;
			remoteGlobalIDString = 60C893772BA91510003EC191;
			remoteInfo = Seen;
		};
/* End PBXContainerItemProxy section */

/* Begin PBXFileReference section */
		6092D9592BE03D2800A5BB44 /* Colors.swift */ = {isa = PBXFileReference; lastKnownFileType = sourcecode.swift; path = Colors.swift; sourceTree = "<group>"; };
		6092D95C2BE03E9600A5BB44 /* TitleScreen.swift */ = {isa = PBXFileReference; lastKnownFileType = sourcecode.swift; path = TitleScreen.swift; sourceTree = "<group>"; };
		6092D95F2BE03FED00A5BB44 /* EmailScreen.swift */ = {isa = PBXFileReference; lastKnownFileType = sourcecode.swift; path = EmailScreen.swift; sourceTree = "<group>"; };
		6092D9612BE041BF00A5BB44 /* Persistence.swift */ = {isa = PBXFileReference; lastKnownFileType = sourcecode.swift; path = Persistence.swift; sourceTree = "<group>"; };
		6092D9652BE042C500A5BB44 /* BrowseView.swift */ = {isa = PBXFileReference; lastKnownFileType = sourcecode.swift; path = BrowseView.swift; sourceTree = "<group>"; };
		6092D9672BE042E500A5BB44 /* SearchBarView.swift */ = {isa = PBXFileReference; lastKnownFileType = sourcecode.swift; path = SearchBarView.swift; sourceTree = "<group>"; };
		6092D96A2BE045EE00A5BB44 /* MockMovieDetailsModel.swift */ = {isa = PBXFileReference; lastKnownFileType = sourcecode.swift; path = MockMovieDetailsModel.swift; sourceTree = "<group>"; };
		6092D96F2BE0466300A5BB44 /* DebounceTextFieldModel.swift */ = {isa = PBXFileReference; lastKnownFileType = sourcecode.swift; path = DebounceTextFieldModel.swift; sourceTree = "<group>"; };
		6092D9712BE051C300A5BB44 /* GenreTagView.swift */ = {isa = PBXFileReference; lastKnownFileType = sourcecode.swift; path = GenreTagView.swift; sourceTree = "<group>"; };
		6092D9732BE0529A00A5BB44 /* GenresView.swift */ = {isa = PBXFileReference; lastKnownFileType = sourcecode.swift; path = GenresView.swift; sourceTree = "<group>"; };
		6092D9752BE0539000A5BB44 /* MovieDetailsView.swift */ = {isa = PBXFileReference; lastKnownFileType = sourcecode.swift; path = MovieDetailsView.swift; sourceTree = "<group>"; };
		6092D9772BE053D900A5BB44 /* MovieDetailsModel.swift */ = {isa = PBXFileReference; lastKnownFileType = sourcecode.swift; path = MovieDetailsModel.swift; sourceTree = "<group>"; };
		6092D9792BE055C900A5BB44 /* MovieRowView.swift */ = {isa = PBXFileReference; lastKnownFileType = sourcecode.swift; path = MovieRowView.swift; sourceTree = "<group>"; };
		6092D97C2BE058AC00A5BB44 /* InterFontExtension.swift */ = {isa = PBXFileReference; lastKnownFileType = sourcecode.swift; path = InterFontExtension.swift; sourceTree = "<group>"; };
		6092D97E2BE0592300A5BB44 /* Inter-Black.otf */ = {isa = PBXFileReference; lastKnownFileType = file; path = "Inter-Black.otf"; sourceTree = "<group>"; };
		6092D97F2BE0592300A5BB44 /* Inter-Light.otf */ = {isa = PBXFileReference; lastKnownFileType = file; path = "Inter-Light.otf"; sourceTree = "<group>"; };
		6092D9802BE0592300A5BB44 /* Inter-Medium.otf */ = {isa = PBXFileReference; lastKnownFileType = file; path = "Inter-Medium.otf"; sourceTree = "<group>"; };
		6092D9812BE0592300A5BB44 /* Inter-ExtraBold.otf */ = {isa = PBXFileReference; lastKnownFileType = file; path = "Inter-ExtraBold.otf"; sourceTree = "<group>"; };
		6092D9822BE0592300A5BB44 /* Inter-SemiBold.otf */ = {isa = PBXFileReference; lastKnownFileType = file; path = "Inter-SemiBold.otf"; sourceTree = "<group>"; };
		6092D9832BE0592300A5BB44 /* Inter-SemiBoldItalic.otf */ = {isa = PBXFileReference; lastKnownFileType = file; path = "Inter-SemiBoldItalic.otf"; sourceTree = "<group>"; };
		6092D9842BE0592300A5BB44 /* Inter-Thin.otf */ = {isa = PBXFileReference; lastKnownFileType = file; path = "Inter-Thin.otf"; sourceTree = "<group>"; };
		6092D9852BE0592300A5BB44 /* Inter-BlackItalic.otf */ = {isa = PBXFileReference; lastKnownFileType = file; path = "Inter-BlackItalic.otf"; sourceTree = "<group>"; };
		6092D9862BE0592300A5BB44 /* Inter-ExtraLightItalic.otf */ = {isa = PBXFileReference; lastKnownFileType = file; path = "Inter-ExtraLightItalic.otf"; sourceTree = "<group>"; };
		6092D9872BE0592300A5BB44 /* Inter-ThinItalic.otf */ = {isa = PBXFileReference; lastKnownFileType = file; path = "Inter-ThinItalic.otf"; sourceTree = "<group>"; };
		6092D9882BE0592300A5BB44 /* Inter-BoldItalic.otf */ = {isa = PBXFileReference; lastKnownFileType = file; path = "Inter-BoldItalic.otf"; sourceTree = "<group>"; };
		6092D9892BE0592300A5BB44 /* Inter-LightItalic.otf */ = {isa = PBXFileReference; lastKnownFileType = file; path = "Inter-LightItalic.otf"; sourceTree = "<group>"; };
		6092D98A2BE0592300A5BB44 /* Inter-Bold.otf */ = {isa = PBXFileReference; lastKnownFileType = file; path = "Inter-Bold.otf"; sourceTree = "<group>"; };
		6092D98B2BE0592300A5BB44 /* Inter-Regular.otf */ = {isa = PBXFileReference; lastKnownFileType = file; path = "Inter-Regular.otf"; sourceTree = "<group>"; };
		6092D98C2BE0592300A5BB44 /* Inter-ExtraBoldItalic.otf */ = {isa = PBXFileReference; lastKnownFileType = file; path = "Inter-ExtraBoldItalic.otf"; sourceTree = "<group>"; };
		6092D98D2BE0592300A5BB44 /* Inter-MediumItalic.otf */ = {isa = PBXFileReference; lastKnownFileType = file; path = "Inter-MediumItalic.otf"; sourceTree = "<group>"; };
		6092D98E2BE0592400A5BB44 /* Inter-V.ttf */ = {isa = PBXFileReference; lastKnownFileType = file; path = "Inter-V.ttf"; sourceTree = "<group>"; };
		6092D98F2BE0592400A5BB44 /* Inter-Italic.otf */ = {isa = PBXFileReference; lastKnownFileType = file; path = "Inter-Italic.otf"; sourceTree = "<group>"; };
		6092D9902BE0592400A5BB44 /* Inter-ExtraLight.otf */ = {isa = PBXFileReference; lastKnownFileType = file; path = "Inter-ExtraLight.otf"; sourceTree = "<group>"; };
		6092D9A42BE0597000A5BB44 /* APIKeys.swift */ = {isa = PBXFileReference; lastKnownFileType = sourcecode.swift; path = APIKeys.swift; sourceTree = "<group>"; };
		6092D9A62BE1E6FE00A5BB44 /* PasswordScreen.swift */ = {isa = PBXFileReference; lastKnownFileType = sourcecode.swift; path = PasswordScreen.swift; sourceTree = "<group>"; };
		6092D9A82BE1E87B00A5BB44 /* NameScreen.swift */ = {isa = PBXFileReference; lastKnownFileType = sourcecode.swift; path = NameScreen.swift; sourceTree = "<group>"; };
		6092D9AA2BE1E8AC00A5BB44 /* UsernameScreen.swift */ = {isa = PBXFileReference; lastKnownFileType = sourcecode.swift; path = UsernameScreen.swift; sourceTree = "<group>"; };
		6092D9B42BE82AE000A5BB44 /* GoogleService-Info.plist */ = {isa = PBXFileReference; fileEncoding = 4; lastKnownFileType = text.plist.xml; path = "GoogleService-Info.plist"; sourceTree = "<group>"; };
		6092D9B72BE9963E00A5BB44 /* SignIn.swift */ = {isa = PBXFileReference; lastKnownFileType = sourcecode.swift; path = SignIn.swift; sourceTree = "<group>"; };
		60C893782BA91510003EC191 /* Seen.app */ = {isa = PBXFileReference; explicitFileType = wrapper.application; includeInIndex = 0; path = Seen.app; sourceTree = BUILT_PRODUCTS_DIR; };
		60C8937B2BA91510003EC191 /* SeenApp.swift */ = {isa = PBXFileReference; lastKnownFileType = sourcecode.swift; path = SeenApp.swift; sourceTree = "<group>"; };
		60C893812BA91511003EC191 /* Assets.xcassets */ = {isa = PBXFileReference; lastKnownFileType = folder.assetcatalog; path = Assets.xcassets; sourceTree = "<group>"; };
		60C893842BA91511003EC191 /* Preview Assets.xcassets */ = {isa = PBXFileReference; lastKnownFileType = folder.assetcatalog; path = "Preview Assets.xcassets"; sourceTree = "<group>"; };
		60C8938A2BA91511003EC191 /* SeenTests.xctest */ = {isa = PBXFileReference; explicitFileType = wrapper.cfbundle; includeInIndex = 0; path = SeenTests.xctest; sourceTree = BUILT_PRODUCTS_DIR; };
		60C8938E2BA91511003EC191 /* SeenTests.swift */ = {isa = PBXFileReference; lastKnownFileType = sourcecode.swift; path = SeenTests.swift; sourceTree = "<group>"; };
		60C893942BA91511003EC191 /* SeenUITests.xctest */ = {isa = PBXFileReference; explicitFileType = wrapper.cfbundle; includeInIndex = 0; path = SeenUITests.xctest; sourceTree = BUILT_PRODUCTS_DIR; };
		60C893982BA91511003EC191 /* SeenUITests.swift */ = {isa = PBXFileReference; lastKnownFileType = sourcecode.swift; path = SeenUITests.swift; sourceTree = "<group>"; };
		60C8939A2BA91511003EC191 /* SeenUITestsLaunchTests.swift */ = {isa = PBXFileReference; lastKnownFileType = sourcecode.swift; path = SeenUITestsLaunchTests.swift; sourceTree = "<group>"; };
		60E241902BEB1B7600FEFA36 /* ProfileScreen.swift */ = {isa = PBXFileReference; lastKnownFileType = sourcecode.swift; path = ProfileScreen.swift; sourceTree = "<group>"; };
		60E241922BEB1CD500FEFA36 /* Template.swift */ = {isa = PBXFileReference; lastKnownFileType = sourcecode.swift; path = Template.swift; sourceTree = "<group>"; };
/* End PBXFileReference section */

/* Begin PBXFrameworksBuildPhase section */
		60C893752BA91510003EC191 /* Frameworks */ = {
			isa = PBXFrameworksBuildPhase;
			buildActionMask = 2147483647;
			files = (
				6092D9B12BE7670800A5BB44 /* FirebaseDatabase in Frameworks */,
				6092D9AF2BE7670800A5BB44 /* FirebaseAuth in Frameworks */,
				6092D9B32BE7670800A5BB44 /* FirebaseFirestore in Frameworks */,
			);
			runOnlyForDeploymentPostprocessing = 0;
		};
		60C893872BA91511003EC191 /* Frameworks */ = {
			isa = PBXFrameworksBuildPhase;
			buildActionMask = 2147483647;
			files = (
			);
			runOnlyForDeploymentPostprocessing = 0;
		};
		60C893912BA91511003EC191 /* Frameworks */ = {
			isa = PBXFrameworksBuildPhase;
			buildActionMask = 2147483647;
			files = (
			);
			runOnlyForDeploymentPostprocessing = 0;
		};
/* End PBXFrameworksBuildPhase section */

/* Begin PBXGroup section */
		6092D9462BE03CD800A5BB44 /* Resources */ = {
			isa = PBXGroup;
			children = (
				6092D9592BE03D2800A5BB44 /* Colors.swift */,
			);
			path = Resources;
			sourceTree = "<group>";
		};
		6092D95B2BE03E8700A5BB44 /* TitleScreen */ = {
			isa = PBXGroup;
			children = (
				6092D95C2BE03E9600A5BB44 /* TitleScreen.swift */,
			);
			path = TitleScreen;
			sourceTree = "<group>";
		};
		6092D95E2BE03FDA00A5BB44 /* SignUp */ = {
			isa = PBXGroup;
			children = (
				6092D9AC2BE31AD200A5BB44 /* Models */,
				6092D95F2BE03FED00A5BB44 /* EmailScreen.swift */,
				6092D9A62BE1E6FE00A5BB44 /* PasswordScreen.swift */,
				6092D9A82BE1E87B00A5BB44 /* NameScreen.swift */,
				6092D9AA2BE1E8AC00A5BB44 /* UsernameScreen.swift */,
			);
			path = SignUp;
			sourceTree = "<group>";
		};
		6092D9632BE0429E00A5BB44 /* Browse */ = {
			isa = PBXGroup;
			children = (
				6092D9642BE042AB00A5BB44 /* SearchBar */,
				6092D9652BE042C500A5BB44 /* BrowseView.swift */,
			);
			path = Browse;
			sourceTree = "<group>";
		};
		6092D9642BE042AB00A5BB44 /* SearchBar */ = {
			isa = PBXGroup;
			children = (
				6092D9672BE042E500A5BB44 /* SearchBarView.swift */,
			);
			path = SearchBar;
			sourceTree = "<group>";
		};
		6092D9692BE045B000A5BB44 /* MockData */ = {
			isa = PBXGroup;
			children = (
				6092D96A2BE045EE00A5BB44 /* MockMovieDetailsModel.swift */,
			);
			path = MockData;
			sourceTree = "<group>";
		};
		6092D96C2BE0463100A5BB44 /* Common */ = {
			isa = PBXGroup;
			children = (
				6092D96E2BE0464800A5BB44 /* MovieDetails */,
				6092D96D2BE0463D00A5BB44 /* Genre */,
				6092D96F2BE0466300A5BB44 /* DebounceTextFieldModel.swift */,
			);
			path = Common;
			sourceTree = "<group>";
		};
		6092D96D2BE0463D00A5BB44 /* Genre */ = {
			isa = PBXGroup;
			children = (
				6092D9712BE051C300A5BB44 /* GenreTagView.swift */,
				6092D9732BE0529A00A5BB44 /* GenresView.swift */,
			);
			path = Genre;
			sourceTree = "<group>";
		};
		6092D96E2BE0464800A5BB44 /* MovieDetails */ = {
			isa = PBXGroup;
			children = (
				6092D9752BE0539000A5BB44 /* MovieDetailsView.swift */,
				6092D9772BE053D900A5BB44 /* MovieDetailsModel.swift */,
				6092D9792BE055C900A5BB44 /* MovieRowView.swift */,
			);
			path = MovieDetails;
			sourceTree = "<group>";
		};
		6092D97B2BE0588400A5BB44 /* Fonts */ = {
			isa = PBXGroup;
			children = (
				6092D97E2BE0592300A5BB44 /* Inter-Black.otf */,
				6092D9852BE0592300A5BB44 /* Inter-BlackItalic.otf */,
				6092D98A2BE0592300A5BB44 /* Inter-Bold.otf */,
				6092D9882BE0592300A5BB44 /* Inter-BoldItalic.otf */,
				6092D9812BE0592300A5BB44 /* Inter-ExtraBold.otf */,
				6092D98C2BE0592300A5BB44 /* Inter-ExtraBoldItalic.otf */,
				6092D9902BE0592400A5BB44 /* Inter-ExtraLight.otf */,
				6092D9862BE0592300A5BB44 /* Inter-ExtraLightItalic.otf */,
				6092D98F2BE0592400A5BB44 /* Inter-Italic.otf */,
				6092D97F2BE0592300A5BB44 /* Inter-Light.otf */,
				6092D9892BE0592300A5BB44 /* Inter-LightItalic.otf */,
				6092D9802BE0592300A5BB44 /* Inter-Medium.otf */,
				6092D98D2BE0592300A5BB44 /* Inter-MediumItalic.otf */,
				6092D98B2BE0592300A5BB44 /* Inter-Regular.otf */,
				6092D9822BE0592300A5BB44 /* Inter-SemiBold.otf */,
				6092D9832BE0592300A5BB44 /* Inter-SemiBoldItalic.otf */,
				6092D9842BE0592300A5BB44 /* Inter-Thin.otf */,
				6092D9872BE0592300A5BB44 /* Inter-ThinItalic.otf */,
				6092D98E2BE0592400A5BB44 /* Inter-V.ttf */,
				6092D97C2BE058AC00A5BB44 /* InterFontExtension.swift */,
			);
			path = Fonts;
			sourceTree = "<group>";
		};
		6092D9AC2BE31AD200A5BB44 /* Models */ = {
			isa = PBXGroup;
			children = (
			);
			path = Models;
			sourceTree = "<group>";
		};
		6092D9B62BE9962900A5BB44 /* SignIn */ = {
			isa = PBXGroup;
			children = (
				6092D9B72BE9963E00A5BB44 /* SignIn.swift */,
			);
			path = SignIn;
			sourceTree = "<group>";
		};
		60C8936F2BA91510003EC191 = {
			isa = PBXGroup;
			children = (
				60C8937A2BA91510003EC191 /* Seen */,
				60C8938D2BA91511003EC191 /* SeenTests */,
				60C893972BA91511003EC191 /* SeenUITests */,
				60C893792BA91510003EC191 /* Products */,
			);
			sourceTree = "<group>";
		};
		60C893792BA91510003EC191 /* Products */ = {
			isa = PBXGroup;
			children = (
				60C893782BA91510003EC191 /* Seen.app */,
				60C8938A2BA91511003EC191 /* SeenTests.xctest */,
				60C893942BA91511003EC191 /* SeenUITests.xctest */,
			);
			name = Products;
			sourceTree = "<group>";
		};
		60C8937A2BA91510003EC191 /* Seen */ = {
			isa = PBXGroup;
			children = (
				60E2418F2BEB1B5900FEFA36 /* Profile */,
				6092D9B62BE9962900A5BB44 /* SignIn */,
				6092D9B42BE82AE000A5BB44 /* GoogleService-Info.plist */,
				6092D97B2BE0588400A5BB44 /* Fonts */,
				6092D96C2BE0463100A5BB44 /* Common */,
				6092D9692BE045B000A5BB44 /* MockData */,
				6092D9632BE0429E00A5BB44 /* Browse */,
				6092D95E2BE03FDA00A5BB44 /* SignUp */,
				6092D95B2BE03E8700A5BB44 /* TitleScreen */,
				6092D9462BE03CD800A5BB44 /* Resources */,
				60C8937B2BA91510003EC191 /* SeenApp.swift */,
				60C893812BA91511003EC191 /* Assets.xcassets */,
				60C893832BA91511003EC191 /* Preview Content */,
				6092D9612BE041BF00A5BB44 /* Persistence.swift */,
				6092D9A42BE0597000A5BB44 /* APIKeys.swift */,
				60E241922BEB1CD500FEFA36 /* Template.swift */,
			);
			path = Seen;
			sourceTree = "<group>";
		};
		60C893832BA91511003EC191 /* Preview Content */ = {
			isa = PBXGroup;
			children = (
				60C893842BA91511003EC191 /* Preview Assets.xcassets */,
			);
			path = "Preview Content";
			sourceTree = "<group>";
		};
		60C8938D2BA91511003EC191 /* SeenTests */ = {
			isa = PBXGroup;
			children = (
				60C8938E2BA91511003EC191 /* SeenTests.swift */,
			);
			path = SeenTests;
			sourceTree = "<group>";
		};
		60C893972BA91511003EC191 /* SeenUITests */ = {
			isa = PBXGroup;
			children = (
				60C893982BA91511003EC191 /* SeenUITests.swift */,
				60C8939A2BA91511003EC191 /* SeenUITestsLaunchTests.swift */,
			);
			path = SeenUITests;
			sourceTree = "<group>";
		};
		60E2418F2BEB1B5900FEFA36 /* Profile */ = {
			isa = PBXGroup;
			children = (
				60E241902BEB1B7600FEFA36 /* ProfileScreen.swift */,
			);
			path = Profile;
			sourceTree = "<group>";
		};
/* End PBXGroup section */

/* Begin PBXNativeTarget section */
		60C893772BA91510003EC191 /* Seen */ = {
			isa = PBXNativeTarget;
			buildConfigurationList = 60C8939E2BA91511003EC191 /* Build configuration list for PBXNativeTarget "Seen" */;
			buildPhases = (
				60C893742BA91510003EC191 /* Sources */,
				60C893752BA91510003EC191 /* Frameworks */,
				60C893762BA91510003EC191 /* Resources */,
			);
			buildRules = (
			);
			dependencies = (
			);
			name = Seen;
			packageProductDependencies = (
				6092D9AE2BE7670800A5BB44 /* FirebaseAuth */,
				6092D9B02BE7670800A5BB44 /* FirebaseDatabase */,
				6092D9B22BE7670800A5BB44 /* FirebaseFirestore */,
			);
			productName = Seen;
			productReference = 60C893782BA91510003EC191 /* Seen.app */;
			productType = "com.apple.product-type.application";
		};
		60C893892BA91511003EC191 /* SeenTests */ = {
			isa = PBXNativeTarget;
			buildConfigurationList = 60C893A12BA91511003EC191 /* Build configuration list for PBXNativeTarget "SeenTests" */;
			buildPhases = (
				60C893862BA91511003EC191 /* Sources */,
				60C893872BA91511003EC191 /* Frameworks */,
				60C893882BA91511003EC191 /* Resources */,
			);
			buildRules = (
			);
			dependencies = (
				60C8938C2BA91511003EC191 /* PBXTargetDependency */,
			);
			name = SeenTests;
			productName = SeenTests;
			productReference = 60C8938A2BA91511003EC191 /* SeenTests.xctest */;
			productType = "com.apple.product-type.bundle.unit-test";
		};
		60C893932BA91511003EC191 /* SeenUITests */ = {
			isa = PBXNativeTarget;
			buildConfigurationList = 60C893A42BA91511003EC191 /* Build configuration list for PBXNativeTarget "SeenUITests" */;
			buildPhases = (
				60C893902BA91511003EC191 /* Sources */,
				60C893912BA91511003EC191 /* Frameworks */,
				60C893922BA91511003EC191 /* Resources */,
			);
			buildRules = (
			);
			dependencies = (
				60C893962BA91511003EC191 /* PBXTargetDependency */,
			);
			name = SeenUITests;
			productName = SeenUITests;
			productReference = 60C893942BA91511003EC191 /* SeenUITests.xctest */;
			productType = "com.apple.product-type.bundle.ui-testing";
		};
/* End PBXNativeTarget section */

/* Begin PBXProject section */
		60C893702BA91510003EC191 /* Project object */ = {
			isa = PBXProject;
			attributes = {
				BuildIndependentTargetsInParallel = 1;
				LastSwiftUpdateCheck = 1500;
				LastUpgradeCheck = 1500;
				TargetAttributes = {
					60C893772BA91510003EC191 = {
						CreatedOnToolsVersion = 15.0;
					};
					60C893892BA91511003EC191 = {
						CreatedOnToolsVersion = 15.0;
						TestTargetID = 60C893772BA91510003EC191;
					};
					60C893932BA91511003EC191 = {
						CreatedOnToolsVersion = 15.0;
						TestTargetID = 60C893772BA91510003EC191;
					};
				};
			};
			buildConfigurationList = 60C893732BA91510003EC191 /* Build configuration list for PBXProject "Seen" */;
			compatibilityVersion = "Xcode 14.0";
			developmentRegion = en;
			hasScannedForEncodings = 0;
			knownRegions = (
				en,
				Base,
			);
			mainGroup = 60C8936F2BA91510003EC191;
			packageReferences = (
				6092D9AD2BE7670800A5BB44 /* XCRemoteSwiftPackageReference "firebase-ios-sdk" */,
			);
			productRefGroup = 60C893792BA91510003EC191 /* Products */;
			projectDirPath = "";
			projectRoot = "";
			targets = (
				60C893772BA91510003EC191 /* Seen */,
				60C893892BA91511003EC191 /* SeenTests */,
				60C893932BA91511003EC191 /* SeenUITests */,
			);
		};
/* End PBXProject section */

/* Begin PBXResourcesBuildPhase section */
		60C893762BA91510003EC191 /* Resources */ = {
			isa = PBXResourcesBuildPhase;
			buildActionMask = 2147483647;
			files = (
				6092D9A22BE0592400A5BB44 /* Inter-Italic.otf in Resources */,
				60C893852BA91511003EC191 /* Preview Assets.xcassets in Resources */,
				6092D9952BE0592400A5BB44 /* Inter-SemiBold.otf in Resources */,
				6092D9A12BE0592400A5BB44 /* Inter-V.ttf in Resources */,
				6092D9922BE0592400A5BB44 /* Inter-Light.otf in Resources */,
				6092D9962BE0592400A5BB44 /* Inter-SemiBoldItalic.otf in Resources */,
				6092D9942BE0592400A5BB44 /* Inter-ExtraBold.otf in Resources */,
				6092D9912BE0592400A5BB44 /* Inter-Black.otf in Resources */,
				6092D9932BE0592400A5BB44 /* Inter-Medium.otf in Resources */,
				6092D9A02BE0592400A5BB44 /* Inter-MediumItalic.otf in Resources */,
				6092D9992BE0592400A5BB44 /* Inter-ExtraLightItalic.otf in Resources */,
				6092D9972BE0592400A5BB44 /* Inter-Thin.otf in Resources */,
				6092D99E2BE0592400A5BB44 /* Inter-Regular.otf in Resources */,
				6092D9982BE0592400A5BB44 /* Inter-BlackItalic.otf in Resources */,
				60C893822BA91511003EC191 /* Assets.xcassets in Resources */,
				6092D9A32BE0592400A5BB44 /* Inter-ExtraLight.otf in Resources */,
				6092D99D2BE0592400A5BB44 /* Inter-Bold.otf in Resources */,
				6092D99B2BE0592400A5BB44 /* Inter-BoldItalic.otf in Resources */,
				6092D99A2BE0592400A5BB44 /* Inter-ThinItalic.otf in Resources */,
				6092D9B52BE82AE000A5BB44 /* GoogleService-Info.plist in Resources */,
				6092D99F2BE0592400A5BB44 /* Inter-ExtraBoldItalic.otf in Resources */,
				6092D99C2BE0592400A5BB44 /* Inter-LightItalic.otf in Resources */,
			);
			runOnlyForDeploymentPostprocessing = 0;
		};
		60C893882BA91511003EC191 /* Resources */ = {
			isa = PBXResourcesBuildPhase;
			buildActionMask = 2147483647;
			files = (
			);
			runOnlyForDeploymentPostprocessing = 0;
		};
		60C893922BA91511003EC191 /* Resources */ = {
			isa = PBXResourcesBuildPhase;
			buildActionMask = 2147483647;
			files = (
			);
			runOnlyForDeploymentPostprocessing = 0;
		};
/* End PBXResourcesBuildPhase section */

/* Begin PBXSourcesBuildPhase section */
		60C893742BA91510003EC191 /* Sources */ = {
			isa = PBXSourcesBuildPhase;
			buildActionMask = 2147483647;
			files = (
				6092D9602BE03FED00A5BB44 /* EmailScreen.swift in Sources */,
				60E241912BEB1B7600FEFA36 /* ProfileScreen.swift in Sources */,
				6092D9702BE0466300A5BB44 /* DebounceTextFieldModel.swift in Sources */,
				60C8937C2BA91510003EC191 /* SeenApp.swift in Sources */,
				6092D9AB2BE1E8AC00A5BB44 /* UsernameScreen.swift in Sources */,
				6092D95A2BE03D2800A5BB44 /* Colors.swift in Sources */,
				6092D9682BE042E500A5BB44 /* SearchBarView.swift in Sources */,
				60E241932BEB1CD500FEFA36 /* Template.swift in Sources */,
				6092D97D2BE058AC00A5BB44 /* InterFontExtension.swift in Sources */,
				6092D9B82BE9963E00A5BB44 /* SignIn.swift in Sources */,
				6092D95D2BE03E9600A5BB44 /* TitleScreen.swift in Sources */,
				6092D9762BE0539000A5BB44 /* MovieDetailsView.swift in Sources */,
				6092D9A72BE1E6FE00A5BB44 /* PasswordScreen.swift in Sources */,
				6092D9742BE0529A00A5BB44 /* GenresView.swift in Sources */,
				6092D9782BE053D900A5BB44 /* MovieDetailsModel.swift in Sources */,
				6092D9662BE042C500A5BB44 /* BrowseView.swift in Sources */,
				6092D97A2BE055C900A5BB44 /* MovieRowView.swift in Sources */,
				6092D9622BE041BF00A5BB44 /* Persistence.swift in Sources */,
				6092D96B2BE045EE00A5BB44 /* MockMovieDetailsModel.swift in Sources */,
				6092D9A52BE0597000A5BB44 /* APIKeys.swift in Sources */,
				6092D9A92BE1E87B00A5BB44 /* NameScreen.swift in Sources */,
				6092D9722BE051C300A5BB44 /* GenreTagView.swift in Sources */,
			);
			runOnlyForDeploymentPostprocessing = 0;
		};
		60C893862BA91511003EC191 /* Sources */ = {
			isa = PBXSourcesBuildPhase;
			buildActionMask = 2147483647;
			files = (
				60C8938F2BA91511003EC191 /* SeenTests.swift in Sources */,
			);
			runOnlyForDeploymentPostprocessing = 0;
		};
		60C893902BA91511003EC191 /* Sources */ = {
			isa = PBXSourcesBuildPhase;
			buildActionMask = 2147483647;
			files = (
				60C893992BA91511003EC191 /* SeenUITests.swift in Sources */,
				60C8939B2BA91511003EC191 /* SeenUITestsLaunchTests.swift in Sources */,
			);
			runOnlyForDeploymentPostprocessing = 0;
		};
/* End PBXSourcesBuildPhase section */

/* Begin PBXTargetDependency section */
		60C8938C2BA91511003EC191 /* PBXTargetDependency */ = {
			isa = PBXTargetDependency;
			target = 60C893772BA91510003EC191 /* Seen */;
			targetProxy = 60C8938B2BA91511003EC191 /* PBXContainerItemProxy */;
		};
		60C893962BA91511003EC191 /* PBXTargetDependency */ = {
			isa = PBXTargetDependency;
			target = 60C893772BA91510003EC191 /* Seen */;
			targetProxy = 60C893952BA91511003EC191 /* PBXContainerItemProxy */;
		};
/* End PBXTargetDependency section */

/* Begin XCBuildConfiguration section */
		60C8939C2BA91511003EC191 /* Debug */ = {
			isa = XCBuildConfiguration;
			buildSettings = {
				ALWAYS_SEARCH_USER_PATHS = NO;
				ASSETCATALOG_COMPILER_GENERATE_SWIFT_ASSET_SYMBOL_EXTENSIONS = YES;
				CLANG_ANALYZER_NONNULL = YES;
				CLANG_ANALYZER_NUMBER_OBJECT_CONVERSION = YES_AGGRESSIVE;
				CLANG_CXX_LANGUAGE_STANDARD = "gnu++20";
				CLANG_ENABLE_MODULES = YES;
				CLANG_ENABLE_OBJC_ARC = YES;
				CLANG_ENABLE_OBJC_WEAK = YES;
				CLANG_WARN_BLOCK_CAPTURE_AUTORELEASING = YES;
				CLANG_WARN_BOOL_CONVERSION = YES;
				CLANG_WARN_COMMA = YES;
				CLANG_WARN_CONSTANT_CONVERSION = YES;
				CLANG_WARN_DEPRECATED_OBJC_IMPLEMENTATIONS = YES;
				CLANG_WARN_DIRECT_OBJC_ISA_USAGE = YES_ERROR;
				CLANG_WARN_DOCUMENTATION_COMMENTS = YES;
				CLANG_WARN_EMPTY_BODY = YES;
				CLANG_WARN_ENUM_CONVERSION = YES;
				CLANG_WARN_INFINITE_RECURSION = YES;
				CLANG_WARN_INT_CONVERSION = YES;
				CLANG_WARN_NON_LITERAL_NULL_CONVERSION = YES;
				CLANG_WARN_OBJC_IMPLICIT_RETAIN_SELF = YES;
				CLANG_WARN_OBJC_LITERAL_CONVERSION = YES;
				CLANG_WARN_OBJC_ROOT_CLASS = YES_ERROR;
				CLANG_WARN_QUOTED_INCLUDE_IN_FRAMEWORK_HEADER = YES;
				CLANG_WARN_RANGE_LOOP_ANALYSIS = YES;
				CLANG_WARN_STRICT_PROTOTYPES = YES;
				CLANG_WARN_SUSPICIOUS_MOVE = YES;
				CLANG_WARN_UNGUARDED_AVAILABILITY = YES_AGGRESSIVE;
				CLANG_WARN_UNREACHABLE_CODE = YES;
				CLANG_WARN__DUPLICATE_METHOD_MATCH = YES;
				COPY_PHASE_STRIP = NO;
				DEBUG_INFORMATION_FORMAT = dwarf;
				ENABLE_STRICT_OBJC_MSGSEND = YES;
				ENABLE_TESTABILITY = YES;
				ENABLE_USER_SCRIPT_SANDBOXING = YES;
				GCC_C_LANGUAGE_STANDARD = gnu17;
				GCC_DYNAMIC_NO_PIC = NO;
				GCC_NO_COMMON_BLOCKS = YES;
				GCC_OPTIMIZATION_LEVEL = 0;
				GCC_PREPROCESSOR_DEFINITIONS = (
					"DEBUG=1",
					"$(inherited)",
				);
				GCC_WARN_64_TO_32_BIT_CONVERSION = YES;
				GCC_WARN_ABOUT_RETURN_TYPE = YES_ERROR;
				GCC_WARN_UNDECLARED_SELECTOR = YES;
				GCC_WARN_UNINITIALIZED_AUTOS = YES_AGGRESSIVE;
				GCC_WARN_UNUSED_FUNCTION = YES;
				GCC_WARN_UNUSED_VARIABLE = YES;
				IPHONEOS_DEPLOYMENT_TARGET = 17.0;
				LOCALIZATION_PREFERS_STRING_CATALOGS = YES;
				MTL_ENABLE_DEBUG_INFO = INCLUDE_SOURCE;
				MTL_FAST_MATH = YES;
				ONLY_ACTIVE_ARCH = YES;
				SDKROOT = iphoneos;
				SWIFT_ACTIVE_COMPILATION_CONDITIONS = "DEBUG $(inherited)";
				SWIFT_OPTIMIZATION_LEVEL = "-Onone";
			};
			name = Debug;
		};
		60C8939D2BA91511003EC191 /* Release */ = {
			isa = XCBuildConfiguration;
			buildSettings = {
				ALWAYS_SEARCH_USER_PATHS = NO;
				ASSETCATALOG_COMPILER_GENERATE_SWIFT_ASSET_SYMBOL_EXTENSIONS = YES;
				CLANG_ANALYZER_NONNULL = YES;
				CLANG_ANALYZER_NUMBER_OBJECT_CONVERSION = YES_AGGRESSIVE;
				CLANG_CXX_LANGUAGE_STANDARD = "gnu++20";
				CLANG_ENABLE_MODULES = YES;
				CLANG_ENABLE_OBJC_ARC = YES;
				CLANG_ENABLE_OBJC_WEAK = YES;
				CLANG_WARN_BLOCK_CAPTURE_AUTORELEASING = YES;
				CLANG_WARN_BOOL_CONVERSION = YES;
				CLANG_WARN_COMMA = YES;
				CLANG_WARN_CONSTANT_CONVERSION = YES;
				CLANG_WARN_DEPRECATED_OBJC_IMPLEMENTATIONS = YES;
				CLANG_WARN_DIRECT_OBJC_ISA_USAGE = YES_ERROR;
				CLANG_WARN_DOCUMENTATION_COMMENTS = YES;
				CLANG_WARN_EMPTY_BODY = YES;
				CLANG_WARN_ENUM_CONVERSION = YES;
				CLANG_WARN_INFINITE_RECURSION = YES;
				CLANG_WARN_INT_CONVERSION = YES;
				CLANG_WARN_NON_LITERAL_NULL_CONVERSION = YES;
				CLANG_WARN_OBJC_IMPLICIT_RETAIN_SELF = YES;
				CLANG_WARN_OBJC_LITERAL_CONVERSION = YES;
				CLANG_WARN_OBJC_ROOT_CLASS = YES_ERROR;
				CLANG_WARN_QUOTED_INCLUDE_IN_FRAMEWORK_HEADER = YES;
				CLANG_WARN_RANGE_LOOP_ANALYSIS = YES;
				CLANG_WARN_STRICT_PROTOTYPES = YES;
				CLANG_WARN_SUSPICIOUS_MOVE = YES;
				CLANG_WARN_UNGUARDED_AVAILABILITY = YES_AGGRESSIVE;
				CLANG_WARN_UNREACHABLE_CODE = YES;
				CLANG_WARN__DUPLICATE_METHOD_MATCH = YES;
				COPY_PHASE_STRIP = NO;
				DEBUG_INFORMATION_FORMAT = "dwarf-with-dsym";
				ENABLE_NS_ASSERTIONS = NO;
				ENABLE_STRICT_OBJC_MSGSEND = YES;
				ENABLE_USER_SCRIPT_SANDBOXING = YES;
				GCC_C_LANGUAGE_STANDARD = gnu17;
				GCC_NO_COMMON_BLOCKS = YES;
				GCC_WARN_64_TO_32_BIT_CONVERSION = YES;
				GCC_WARN_ABOUT_RETURN_TYPE = YES_ERROR;
				GCC_WARN_UNDECLARED_SELECTOR = YES;
				GCC_WARN_UNINITIALIZED_AUTOS = YES_AGGRESSIVE;
				GCC_WARN_UNUSED_FUNCTION = YES;
				GCC_WARN_UNUSED_VARIABLE = YES;
				IPHONEOS_DEPLOYMENT_TARGET = 17.0;
				LOCALIZATION_PREFERS_STRING_CATALOGS = YES;
				MTL_ENABLE_DEBUG_INFO = NO;
				MTL_FAST_MATH = YES;
				SDKROOT = iphoneos;
				SWIFT_COMPILATION_MODE = wholemodule;
				VALIDATE_PRODUCT = YES;
			};
			name = Release;
		};
		60C8939F2BA91511003EC191 /* Debug */ = {
			isa = XCBuildConfiguration;
			buildSettings = {
				ASSETCATALOG_COMPILER_APPICON_NAME = AppIcon;
				ASSETCATALOG_COMPILER_GLOBAL_ACCENT_COLOR_NAME = AccentColor;
				CODE_SIGN_STYLE = Automatic;
				CURRENT_PROJECT_VERSION = 1;
				DEVELOPMENT_ASSET_PATHS = "\"Seen/Preview Content\"";
				ENABLE_PREVIEWS = YES;
				GENERATE_INFOPLIST_FILE = YES;
				INFOPLIST_KEY_CFBundleDisplayName = Seen;
				INFOPLIST_KEY_LSApplicationCategoryType = "public.app-category.entertainment";
				INFOPLIST_KEY_UIApplicationSceneManifest_Generation = YES;
				INFOPLIST_KEY_UIApplicationSupportsIndirectInputEvents = YES;
				INFOPLIST_KEY_UILaunchScreen_Generation = YES;
				INFOPLIST_KEY_UISupportedInterfaceOrientations_iPad = "UIInterfaceOrientationPortrait UIInterfaceOrientationPortraitUpsideDown UIInterfaceOrientationLandscapeLeft UIInterfaceOrientationLandscapeRight";
				INFOPLIST_KEY_UISupportedInterfaceOrientations_iPhone = "UIInterfaceOrientationPortrait UIInterfaceOrientationLandscapeLeft UIInterfaceOrientationLandscapeRight";
				LD_RUNPATH_SEARCH_PATHS = (
					"$(inherited)",
					"@executable_path/Frameworks",
				);
				MARKETING_VERSION = 1.0;
				PRODUCT_BUNDLE_IDENTIFIER = CSC780.Seen;
				PRODUCT_NAME = "$(TARGET_NAME)";
				SWIFT_EMIT_LOC_STRINGS = YES;
				SWIFT_VERSION = 5.0;
				TARGETED_DEVICE_FAMILY = "1,2";
			};
			name = Debug;
		};
		60C893A02BA91511003EC191 /* Release */ = {
			isa = XCBuildConfiguration;
			buildSettings = {
				ASSETCATALOG_COMPILER_APPICON_NAME = AppIcon;
				ASSETCATALOG_COMPILER_GLOBAL_ACCENT_COLOR_NAME = AccentColor;
				CODE_SIGN_STYLE = Automatic;
				CURRENT_PROJECT_VERSION = 1;
				DEVELOPMENT_ASSET_PATHS = "\"Seen/Preview Content\"";
				ENABLE_PREVIEWS = YES;
				GENERATE_INFOPLIST_FILE = YES;
				INFOPLIST_KEY_CFBundleDisplayName = Seen;
				INFOPLIST_KEY_LSApplicationCategoryType = "public.app-category.entertainment";
				INFOPLIST_KEY_UIApplicationSceneManifest_Generation = YES;
				INFOPLIST_KEY_UIApplicationSupportsIndirectInputEvents = YES;
				INFOPLIST_KEY_UILaunchScreen_Generation = YES;
				INFOPLIST_KEY_UISupportedInterfaceOrientations_iPad = "UIInterfaceOrientationPortrait UIInterfaceOrientationPortraitUpsideDown UIInterfaceOrientationLandscapeLeft UIInterfaceOrientationLandscapeRight";
				INFOPLIST_KEY_UISupportedInterfaceOrientations_iPhone = "UIInterfaceOrientationPortrait UIInterfaceOrientationLandscapeLeft UIInterfaceOrientationLandscapeRight";
				LD_RUNPATH_SEARCH_PATHS = (
					"$(inherited)",
					"@executable_path/Frameworks",
				);
				MARKETING_VERSION = 1.0;
				PRODUCT_BUNDLE_IDENTIFIER = CSC780.Seen;
				PRODUCT_NAME = "$(TARGET_NAME)";
				SWIFT_EMIT_LOC_STRINGS = YES;
				SWIFT_VERSION = 5.0;
				TARGETED_DEVICE_FAMILY = "1,2";
			};
			name = Release;
		};
		60C893A22BA91511003EC191 /* Debug */ = {
			isa = XCBuildConfiguration;
			buildSettings = {
				ALWAYS_EMBED_SWIFT_STANDARD_LIBRARIES = YES;
				BUNDLE_LOADER = "$(TEST_HOST)";
				CODE_SIGN_STYLE = Automatic;
				CURRENT_PROJECT_VERSION = 1;
				GENERATE_INFOPLIST_FILE = YES;
				IPHONEOS_DEPLOYMENT_TARGET = 17.0;
				MARKETING_VERSION = 1.0;
				PRODUCT_BUNDLE_IDENTIFIER = CSC780.SeenTests;
				PRODUCT_NAME = "$(TARGET_NAME)";
				SWIFT_EMIT_LOC_STRINGS = NO;
				SWIFT_VERSION = 5.0;
				TARGETED_DEVICE_FAMILY = "1,2";
				TEST_HOST = "$(BUILT_PRODUCTS_DIR)/Seen.app/$(BUNDLE_EXECUTABLE_FOLDER_PATH)/Seen";
			};
			name = Debug;
		};
		60C893A32BA91511003EC191 /* Release */ = {
			isa = XCBuildConfiguration;
			buildSettings = {
				ALWAYS_EMBED_SWIFT_STANDARD_LIBRARIES = YES;
				BUNDLE_LOADER = "$(TEST_HOST)";
				CODE_SIGN_STYLE = Automatic;
				CURRENT_PROJECT_VERSION = 1;
				GENERATE_INFOPLIST_FILE = YES;
				IPHONEOS_DEPLOYMENT_TARGET = 17.0;
				MARKETING_VERSION = 1.0;
				PRODUCT_BUNDLE_IDENTIFIER = CSC780.SeenTests;
				PRODUCT_NAME = "$(TARGET_NAME)";
				SWIFT_EMIT_LOC_STRINGS = NO;
				SWIFT_VERSION = 5.0;
				TARGETED_DEVICE_FAMILY = "1,2";
				TEST_HOST = "$(BUILT_PRODUCTS_DIR)/Seen.app/$(BUNDLE_EXECUTABLE_FOLDER_PATH)/Seen";
			};
			name = Release;
		};
		60C893A52BA91511003EC191 /* Debug */ = {
			isa = XCBuildConfiguration;
			buildSettings = {
				ALWAYS_EMBED_SWIFT_STANDARD_LIBRARIES = YES;
				CODE_SIGN_STYLE = Automatic;
				CURRENT_PROJECT_VERSION = 1;
				GENERATE_INFOPLIST_FILE = YES;
				MARKETING_VERSION = 1.0;
				PRODUCT_BUNDLE_IDENTIFIER = CSC780.SeenUITests;
				PRODUCT_NAME = "$(TARGET_NAME)";
				SWIFT_EMIT_LOC_STRINGS = NO;
				SWIFT_VERSION = 5.0;
				TARGETED_DEVICE_FAMILY = "1,2";
				TEST_TARGET_NAME = Seen;
			};
			name = Debug;
		};
		60C893A62BA91511003EC191 /* Release */ = {
			isa = XCBuildConfiguration;
			buildSettings = {
				ALWAYS_EMBED_SWIFT_STANDARD_LIBRARIES = YES;
				CODE_SIGN_STYLE = Automatic;
				CURRENT_PROJECT_VERSION = 1;
				GENERATE_INFOPLIST_FILE = YES;
				MARKETING_VERSION = 1.0;
				PRODUCT_BUNDLE_IDENTIFIER = CSC780.SeenUITests;
				PRODUCT_NAME = "$(TARGET_NAME)";
				SWIFT_EMIT_LOC_STRINGS = NO;
				SWIFT_VERSION = 5.0;
				TARGETED_DEVICE_FAMILY = "1,2";
				TEST_TARGET_NAME = Seen;
			};
			name = Release;
		};
/* End XCBuildConfiguration section */

/* Begin XCConfigurationList section */
		60C893732BA91510003EC191 /* Build configuration list for PBXProject "Seen" */ = {
			isa = XCConfigurationList;
			buildConfigurations = (
				60C8939C2BA91511003EC191 /* Debug */,
				60C8939D2BA91511003EC191 /* Release */,
			);
			defaultConfigurationIsVisible = 0;
			defaultConfigurationName = Release;
		};
		60C8939E2BA91511003EC191 /* Build configuration list for PBXNativeTarget "Seen" */ = {
			isa = XCConfigurationList;
			buildConfigurations = (
				60C8939F2BA91511003EC191 /* Debug */,
				60C893A02BA91511003EC191 /* Release */,
			);
			defaultConfigurationIsVisible = 0;
			defaultConfigurationName = Release;
		};
		60C893A12BA91511003EC191 /* Build configuration list for PBXNativeTarget "SeenTests" */ = {
			isa = XCConfigurationList;
			buildConfigurations = (
				60C893A22BA91511003EC191 /* Debug */,
				60C893A32BA91511003EC191 /* Release */,
			);
			defaultConfigurationIsVisible = 0;
			defaultConfigurationName = Release;
		};
		60C893A42BA91511003EC191 /* Build configuration list for PBXNativeTarget "SeenUITests" */ = {
			isa = XCConfigurationList;
			buildConfigurations = (
				60C893A52BA91511003EC191 /* Debug */,
				60C893A62BA91511003EC191 /* Release */,
			);
			defaultConfigurationIsVisible = 0;
			defaultConfigurationName = Release;
		};
/* End XCConfigurationList section */

/* Begin XCRemoteSwiftPackageReference section */
		6092D9AD2BE7670800A5BB44 /* XCRemoteSwiftPackageReference "firebase-ios-sdk" */ = {
			isa = XCRemoteSwiftPackageReference;
			repositoryURL = "https://github.com/firebase/firebase-ios-sdk.git";
			requirement = {
				kind = upToNextMajorVersion;
				minimumVersion = 10.25.0;
			};
		};
/* End XCRemoteSwiftPackageReference section */

/* Begin XCSwiftPackageProductDependency section */
		6092D9AE2BE7670800A5BB44 /* FirebaseAuth */ = {
			isa = XCSwiftPackageProductDependency;
			package = 6092D9AD2BE7670800A5BB44 /* XCRemoteSwiftPackageReference "firebase-ios-sdk" */;
			productName = FirebaseAuth;
		};
		6092D9B02BE7670800A5BB44 /* FirebaseDatabase */ = {
			isa = XCSwiftPackageProductDependency;
			package = 6092D9AD2BE7670800A5BB44 /* XCRemoteSwiftPackageReference "firebase-ios-sdk" */;
			productName = FirebaseDatabase;
		};
		6092D9B22BE7670800A5BB44 /* FirebaseFirestore */ = {
			isa = XCSwiftPackageProductDependency;
			package = 6092D9AD2BE7670800A5BB44 /* XCRemoteSwiftPackageReference "firebase-ios-sdk" */;
			productName = FirebaseFirestore;
		};
/* End XCSwiftPackageProductDependency section */
	};
	rootObject = 60C893702BA91510003EC191 /* Project object */;
}
