// !$*UTF8*$!
{
	archiveVersion = 1;
	classes = {
	};
	objectVersion = 56;
	objects = {

/* Begin PBXBuildFile section */
		60C8937C2BA91510003EC191 /* SeenApp.swift in Sources */ = {isa = PBXBuildFile; fileRef = 60C8937B2BA91510003EC191 /* SeenApp.swift */; };
		60C8937E2BA91510003EC191 /* ContentView.swift in Sources */ = {isa = PBXBuildFile; fileRef = 60C8937D2BA91510003EC191 /* ContentView.swift */; };
		60C893802BA91510003EC191 /* Item.swift in Sources */ = {isa = PBXBuildFile; fileRef = 60C8937F2BA91510003EC191 /* Item.swift */; };
		60C893822BA91511003EC191 /* Assets.xcassets in Resources */ = {isa = PBXBuildFile; fileRef = 60C893812BA91511003EC191 /* Assets.xcassets */; };
		60C893852BA91511003EC191 /* Preview Assets.xcassets in Resources */ = {isa = PBXBuildFile; fileRef = 60C893842BA91511003EC191 /* Preview Assets.xcassets */; };
		60C8938F2BA91511003EC191 /* SeenTests.swift in Sources */ = {isa = PBXBuildFile; fileRef = 60C8938E2BA91511003EC191 /* SeenTests.swift */; };
		60C893992BA91511003EC191 /* SeenUITests.swift in Sources */ = {isa = PBXBuildFile; fileRef = 60C893982BA91511003EC191 /* SeenUITests.swift */; };
		60C8939B2BA91511003EC191 /* SeenUITestsLaunchTests.swift in Sources */ = {isa = PBXBuildFile; fileRef = 60C8939A2BA91511003EC191 /* SeenUITestsLaunchTests.swift */; };
/* End PBXBuildFile section */

/* Begin PBXContainerItemProxy section */
		60C8938B2BA91511003EC191 /* PBXContainerItemProxy */ = {
			isa = PBXContainerItemProxy;
			containerPortal = 60C893702BA91510003EC191 /* Project object */;
			proxyType = 1;
			remoteGlobalIDString = 60C893772BA91510003EC191;
			remoteInfo = Seen;
		};
		60C893952BA91511003EC191 /* PBXContainerItemProxy */ = {
			isa = PBXContainerItemProxy;
			containerPortal = 60C893702BA91510003EC191 /* Project object */;
			proxyType = 1;
			remoteGlobalIDString = 60C893772BA91510003EC191;
			remoteInfo = Seen;
		};
/* End PBXContainerItemProxy section */

/* Begin PBXFileReference section */
		60C893782BA91510003EC191 /* Seen.app */ = {isa = PBXFileReference; explicitFileType = wrapper.application; includeInIndex = 0; path = Seen.app; sourceTree = BUILT_PRODUCTS_DIR; };
		60C8937B2BA91510003EC191 /* SeenApp.swift */ = {isa = PBXFileReference; lastKnownFileType = sourcecode.swift; path = SeenApp.swift; sourceTree = "<group>"; };
		60C8937D2BA91510003EC191 /* ContentView.swift */ = {isa = PBXFileReference; lastKnownFileType = sourcecode.swift; path = ContentView.swift; sourceTree = "<group>"; };
		60C8937F2BA91510003EC191 /* Item.swift */ = {isa = PBXFileReference; lastKnownFileType = sourcecode.swift; path = Item.swift; sourceTree = "<group>"; };
		60C893812BA91511003EC191 /* Assets.xcassets */ = {isa = PBXFileReference; lastKnownFileType = folder.assetcatalog; path = Assets.xcassets; sourceTree = "<group>"; };
		60C893842BA91511003EC191 /* Preview Assets.xcassets */ = {isa = PBXFileReference; lastKnownFileType = folder.assetcatalog; path = "Preview Assets.xcassets"; sourceTree = "<group>"; };
		60C8938A2BA91511003EC191 /* SeenTests.xctest */ = {isa = PBXFileReference; explicitFileType = wrapper.cfbundle; includeInIndex = 0; path = SeenTests.xctest; sourceTree = BUILT_PRODUCTS_DIR; };
		60C8938E2BA91511003EC191 /* SeenTests.swift */ = {isa = PBXFileReference; lastKnownFileType = sourcecode.swift; path = SeenTests.swift; sourceTree = "<group>"; };
		60C893942BA91511003EC191 /* SeenUITests.xctest */ = {isa = PBXFileReference; explicitFileType = wrapper.cfbundle; includeInIndex = 0; path = SeenUITests.xctest; sourceTree = BUILT_PRODUCTS_DIR; };
		60C893982BA91511003EC191 /* SeenUITests.swift */ = {isa = PBXFileReference; lastKnownFileType = sourcecode.swift; path = SeenUITests.swift; sourceTree = "<group>"; };
		60C8939A2BA91511003EC191 /* SeenUITestsLaunchTests.swift */ = {isa = PBXFileReference; lastKnownFileType = sourcecode.swift; path = SeenUITestsLaunchTests.swift; sourceTree = "<group>"; };
/* End PBXFileReference section */

/* Begin PBXFrameworksBuildPhase section */
		60C893752BA91510003EC191 /* Frameworks */ = {
			isa = PBXFrameworksBuildPhase;
			buildActionMask = 2147483647;
			files = (
			);
			runOnlyForDeploymentPostprocessing = 0;
		};
		60C893872BA91511003EC191 /* Frameworks */ = {
			isa = PBXFrameworksBuildPhase;
			buildActionMask = 2147483647;
			files = (
			);
			runOnlyForDeploymentPostprocessing = 0;
		};
		60C893912BA91511003EC191 /* Frameworks */ = {
			isa = PBXFrameworksBuildPhase;
			buildActionMask = 2147483647;
			files = (
			);
			runOnlyForDeploymentPostprocessing = 0;
		};
/* End PBXFrameworksBuildPhase section */

/* Begin PBXGroup section */
		60C8936F2BA91510003EC191 = {
			isa = PBXGroup;
			children = (
				60C8937A2BA91510003EC191 /* Seen */,
				60C8938D2BA91511003EC191 /* SeenTests */,
				60C893972BA91511003EC191 /* SeenUITests */,
				60C893792BA91510003EC191 /* Products */,
			);
			sourceTree = "<group>";
		};
		60C893792BA91510003EC191 /* Products */ = {
			isa = PBXGroup;
			children = (
				60C893782BA91510003EC191 /* Seen.app */,
				60C8938A2BA91511003EC191 /* SeenTests.xctest */,
				60C893942BA91511003EC191 /* SeenUITests.xctest */,
			);
			name = Products;
			sourceTree = "<group>";
		};
		60C8937A2BA91510003EC191 /* Seen */ = {
			isa = PBXGroup;
			children = (
				60C8937B2BA91510003EC191 /* SeenApp.swift */,
				60C8937D2BA91510003EC191 /* ContentView.swift */,
				60C8937F2BA91510003EC191 /* Item.swift */,
				60C893812BA91511003EC191 /* Assets.xcassets */,
				60C893832BA91511003EC191 /* Preview Content */,
			);
			path = Seen;
			sourceTree = "<group>";
		};
		60C893832BA91511003EC191 /* Preview Content */ = {
			isa = PBXGroup;
			children = (
				60C893842BA91511003EC191 /* Preview Assets.xcassets */,
			);
			path = "Preview Content";
			sourceTree = "<group>";
		};
		60C8938D2BA91511003EC191 /* SeenTests */ = {
			isa = PBXGroup;
			children = (
				60C8938E2BA91511003EC191 /* SeenTests.swift */,
			);
			path = SeenTests;
			sourceTree = "<group>";
		};
		60C893972BA91511003EC191 /* SeenUITests */ = {
			isa = PBXGroup;
			children = (
				60C893982BA91511003EC191 /* SeenUITests.swift */,
				60C8939A2BA91511003EC191 /* SeenUITestsLaunchTests.swift */,
			);
			path = SeenUITests;
			sourceTree = "<group>";
		};
/* End PBXGroup section */

/* Begin PBXNativeTarget section */
		60C893772BA91510003EC191 /* Seen */ = {
			isa = PBXNativeTarget;
			buildConfigurationList = 60C8939E2BA91511003EC191 /* Build configuration list for PBXNativeTarget "Seen" */;
			buildPhases = (
				60C893742BA91510003EC191 /* Sources */,
				60C893752BA91510003EC191 /* Frameworks */,
				60C893762BA91510003EC191 /* Resources */,
			);
			buildRules = (
			);
			dependencies = (
			);
			name = Seen;
			productName = Seen;
			productReference = 60C893782BA91510003EC191 /* Seen.app */;
			productType = "com.apple.product-type.application";
		};
		60C893892BA91511003EC191 /* SeenTests */ = {
			isa = PBXNativeTarget;
			buildConfigurationList = 60C893A12BA91511003EC191 /* Build configuration list for PBXNativeTarget "SeenTests" */;
			buildPhases = (
				60C893862BA91511003EC191 /* Sources */,
				60C893872BA91511003EC191 /* Frameworks */,
				60C893882BA91511003EC191 /* Resources */,
			);
			buildRules = (
			);
			dependencies = (
				60C8938C2BA91511003EC191 /* PBXTargetDependency */,
			);
			name = SeenTests;
			productName = SeenTests;
			productReference = 60C8938A2BA91511003EC191 /* SeenTests.xctest */;
			productType = "com.apple.product-type.bundle.unit-test";
		};
		60C893932BA91511003EC191 /* SeenUITests */ = {
			isa = PBXNativeTarget;
			buildConfigurationList = 60C893A42BA91511003EC191 /* Build configuration list for PBXNativeTarget "SeenUITests" */;
			buildPhases = (
				60C893902BA91511003EC191 /* Sources */,
				60C893912BA91511003EC191 /* Frameworks */,
				60C893922BA91511003EC191 /* Resources */,
			);
			buildRules = (
			);
			dependencies = (
				60C893962BA91511003EC191 /* PBXTargetDependency */,
			);
			name = SeenUITests;
			productName = SeenUITests;
			productReference = 60C893942BA91511003EC191 /* SeenUITests.xctest */;
			productType = "com.apple.product-type.bundle.ui-testing";
		};
/* End PBXNativeTarget section */

/* Begin PBXProject section */
		60C893702BA91510003EC191 /* Project object */ = {
			isa = PBXProject;
			attributes = {
				BuildIndependentTargetsInParallel = 1;
				LastSwiftUpdateCheck = 1500;
				LastUpgradeCheck = 1500;
				TargetAttributes = {
					60C893772BA91510003EC191 = {
						CreatedOnToolsVersion = 15.0;
					};
					60C893892BA91511003EC191 = {
						CreatedOnToolsVersion = 15.0;
						TestTargetID = 60C893772BA91510003EC191;
					};
					60C893932BA91511003EC191 = {
						CreatedOnToolsVersion = 15.0;
						TestTargetID = 60C893772BA91510003EC191;
					};
				};
			};
			buildConfigurationList = 60C893732BA91510003EC191 /* Build configuration list for PBXProject "Seen" */;
			compatibilityVersion = "Xcode 14.0";
			developmentRegion = en;
			hasScannedForEncodings = 0;
			knownRegions = (
				en,
				Base,
			);
			mainGroup = 60C8936F2BA91510003EC191;
			productRefGroup = 60C893792BA91510003EC191 /* Products */;
			projectDirPath = "";
			projectRoot = "";
			targets = (
				60C893772BA91510003EC191 /* Seen */,
				60C893892BA91511003EC191 /* SeenTests */,
				60C893932BA91511003EC191 /* SeenUITests */,
			);
		};
/* End PBXProject section */

/* Begin PBXResourcesBuildPhase section */
		60C893762BA91510003EC191 /* Resources */ = {
			isa = PBXResourcesBuildPhase;
			buildActionMask = 2147483647;
			files = (
				60C893852BA91511003EC191 /* Preview Assets.xcassets in Resources */,
				60C893822BA91511003EC191 /* Assets.xcassets in Resources */,
			);
			runOnlyForDeploymentPostprocessing = 0;
		};
		60C893882BA91511003EC191 /* Resources */ = {
			isa = PBXResourcesBuildPhase;
			buildActionMask = 2147483647;
			files = (
			);
			runOnlyForDeploymentPostprocessing = 0;
		};
		60C893922BA91511003EC191 /* Resources */ = {
			isa = PBXResourcesBuildPhase;
			buildActionMask = 2147483647;
			files = (
			);
			runOnlyForDeploymentPostprocessing = 0;
		};
/* End PBXResourcesBuildPhase section */

/* Begin PBXSourcesBuildPhase section */
		60C893742BA91510003EC191 /* Sources */ = {
			isa = PBXSourcesBuildPhase;
			buildActionMask = 2147483647;
			files = (
				60C8937E2BA91510003EC191 /* ContentView.swift in Sources */,
				60C893802BA91510003EC191 /* Item.swift in Sources */,
				60C8937C2BA91510003EC191 /* SeenApp.swift in Sources */,
			);
			runOnlyForDeploymentPostprocessing = 0;
		};
		60C893862BA91511003EC191 /* Sources */ = {
			isa = PBXSourcesBuildPhase;
			buildActionMask = 2147483647;
			files = (
				60C8938F2BA91511003EC191 /* SeenTests.swift in Sources */,
			);
			runOnlyForDeploymentPostprocessing = 0;
		};
		60C893902BA91511003EC191 /* Sources */ = {
			isa = PBXSourcesBuildPhase;
			buildActionMask = 2147483647;
			files = (
				60C893992BA91511003EC191 /* SeenUITests.swift in Sources */,
				60C8939B2BA91511003EC191 /* SeenUITestsLaunchTests.swift in Sources */,
			);
			runOnlyForDeploymentPostprocessing = 0;
		};
/* End PBXSourcesBuildPhase section */

/* Begin PBXTargetDependency section */
		60C8938C2BA91511003EC191 /* PBXTargetDependency */ = {
			isa = PBXTargetDependency;
			target = 60C893772BA91510003EC191 /* Seen */;
			targetProxy = 60C8938B2BA91511003EC191 /* PBXContainerItemProxy */;
		};
		60C893962BA91511003EC191 /* PBXTargetDependency */ = {
			isa = PBXTargetDependency;
			target = 60C893772BA91510003EC191 /* Seen */;
			targetProxy = 60C893952BA91511003EC191 /* PBXContainerItemProxy */;
		};
/* End PBXTargetDependency section */

/* Begin XCBuildConfiguration section */
		60C8939C2BA91511003EC191 /* Debug */ = {
			isa = XCBuildConfiguration;
			buildSettings = {
				ALWAYS_SEARCH_USER_PATHS = NO;
				ASSETCATALOG_COMPILER_GENERATE_SWIFT_ASSET_SYMBOL_EXTENSIONS = YES;
				CLANG_ANALYZER_NONNULL = YES;
				CLANG_ANALYZER_NUMBER_OBJECT_CONVERSION = YES_AGGRESSIVE;
				CLANG_CXX_LANGUAGE_STANDARD = "gnu++20";
				CLANG_ENABLE_MODULES = YES;
				CLANG_ENABLE_OBJC_ARC = YES;
				CLANG_ENABLE_OBJC_WEAK = YES;
				CLANG_WARN_BLOCK_CAPTURE_AUTORELEASING = YES;
				CLANG_WARN_BOOL_CONVERSION = YES;
				CLANG_WARN_COMMA = YES;
				CLANG_WARN_CONSTANT_CONVERSION = YES;
				CLANG_WARN_DEPRECATED_OBJC_IMPLEMENTATIONS = YES;
				CLANG_WARN_DIRECT_OBJC_ISA_USAGE = YES_ERROR;
				CLANG_WARN_DOCUMENTATION_COMMENTS = YES;
				CLANG_WARN_EMPTY_BODY = YES;
				CLANG_WARN_ENUM_CONVERSION = YES;
				CLANG_WARN_INFINITE_RECURSION = YES;
				CLANG_WARN_INT_CONVERSION = YES;
				CLANG_WARN_NON_LITERAL_NULL_CONVERSION = YES;
				CLANG_WARN_OBJC_IMPLICIT_RETAIN_SELF = YES;
				CLANG_WARN_OBJC_LITERAL_CONVERSION = YES;
				CLANG_WARN_OBJC_ROOT_CLASS = YES_ERROR;
				CLANG_WARN_QUOTED_INCLUDE_IN_FRAMEWORK_HEADER = YES;
				CLANG_WARN_RANGE_LOOP_ANALYSIS = YES;
				CLANG_WARN_STRICT_PROTOTYPES = YES;
				CLANG_WARN_SUSPICIOUS_MOVE = YES;
				CLANG_WARN_UNGUARDED_AVAILABILITY = YES_AGGRESSIVE;
				CLANG_WARN_UNREACHABLE_CODE = YES;
				CLANG_WARN__DUPLICATE_METHOD_MATCH = YES;
				COPY_PHASE_STRIP = NO;
				DEBUG_INFORMATION_FORMAT = dwarf;
				ENABLE_STRICT_OBJC_MSGSEND = YES;
				ENABLE_TESTABILITY = YES;
				ENABLE_USER_SCRIPT_SANDBOXING = YES;
				GCC_C_LANGUAGE_STANDARD = gnu17;
				GCC_DYNAMIC_NO_PIC = NO;
				GCC_NO_COMMON_BLOCKS = YES;
				GCC_OPTIMIZATION_LEVEL = 0;
				GCC_PREPROCESSOR_DEFINITIONS = (
					"DEBUG=1",
					"$(inherited)",
				);
				GCC_WARN_64_TO_32_BIT_CONVERSION = YES;
				GCC_WARN_ABOUT_RETURN_TYPE = YES_ERROR;
				GCC_WARN_UNDECLARED_SELECTOR = YES;
				GCC_WARN_UNINITIALIZED_AUTOS = YES_AGGRESSIVE;
				GCC_WARN_UNUSED_FUNCTION = YES;
				GCC_WARN_UNUSED_VARIABLE = YES;
				IPHONEOS_DEPLOYMENT_TARGET = 17.0;
				LOCALIZATION_PREFERS_STRING_CATALOGS = YES;
				MTL_ENABLE_DEBUG_INFO = INCLUDE_SOURCE;
				MTL_FAST_MATH = YES;
				ONLY_ACTIVE_ARCH = YES;
				SDKROOT = iphoneos;
				SWIFT_ACTIVE_COMPILATION_CONDITIONS = "DEBUG $(inherited)";
				SWIFT_OPTIMIZATION_LEVEL = "-Onone";
			};
			name = Debug;
		};
		60C8939D2BA91511003EC191 /* Release */ = {
			isa = XCBuildConfiguration;
			buildSettings = {
				ALWAYS_SEARCH_USER_PATHS = NO;
				ASSETCATALOG_COMPILER_GENERATE_SWIFT_ASSET_SYMBOL_EXTENSIONS = YES;
				CLANG_ANALYZER_NONNULL = YES;
				CLANG_ANALYZER_NUMBER_OBJECT_CONVERSION = YES_AGGRESSIVE;
				CLANG_CXX_LANGUAGE_STANDARD = "gnu++20";
				CLANG_ENABLE_MODULES = YES;
				CLANG_ENABLE_OBJC_ARC = YES;
				CLANG_ENABLE_OBJC_WEAK = YES;
				CLANG_WARN_BLOCK_CAPTURE_AUTORELEASING = YES;
				CLANG_WARN_BOOL_CONVERSION = YES;
				CLANG_WARN_COMMA = YES;
				CLANG_WARN_CONSTANT_CONVERSION = YES;
				CLANG_WARN_DEPRECATED_OBJC_IMPLEMENTATIONS = YES;
				CLANG_WARN_DIRECT_OBJC_ISA_USAGE = YES_ERROR;
				CLANG_WARN_DOCUMENTATION_COMMENTS = YES;
				CLANG_WARN_EMPTY_BODY = YES;
				CLANG_WARN_ENUM_CONVERSION = YES;
				CLANG_WARN_INFINITE_RECURSION = YES;
				CLANG_WARN_INT_CONVERSION = YES;
				CLANG_WARN_NON_LITERAL_NULL_CONVERSION = YES;
				CLANG_WARN_OBJC_IMPLICIT_RETAIN_SELF = YES;
				CLANG_WARN_OBJC_LITERAL_CONVERSION = YES;
				CLANG_WARN_OBJC_ROOT_CLASS = YES_ERROR;
				CLANG_WARN_QUOTED_INCLUDE_IN_FRAMEWORK_HEADER = YES;
				CLANG_WARN_RANGE_LOOP_ANALYSIS = YES;
				CLANG_WARN_STRICT_PROTOTYPES = YES;
				CLANG_WARN_SUSPICIOUS_MOVE = YES;
				CLANG_WARN_UNGUARDED_AVAILABILITY = YES_AGGRESSIVE;
				CLANG_WARN_UNREACHABLE_CODE = YES;
				CLANG_WARN__DUPLICATE_METHOD_MATCH = YES;
				COPY_PHASE_STRIP = NO;
				DEBUG_INFORMATION_FORMAT = "dwarf-with-dsym";
				ENABLE_NS_ASSERTIONS = NO;
				ENABLE_STRICT_OBJC_MSGSEND = YES;
				ENABLE_USER_SCRIPT_SANDBOXING = YES;
				GCC_C_LANGUAGE_STANDARD = gnu17;
				GCC_NO_COMMON_BLOCKS = YES;
				GCC_WARN_64_TO_32_BIT_CONVERSION = YES;
				GCC_WARN_ABOUT_RETURN_TYPE = YES_ERROR;
				GCC_WARN_UNDECLARED_SELECTOR = YES;
				GCC_WARN_UNINITIALIZED_AUTOS = YES_AGGRESSIVE;
				GCC_WARN_UNUSED_FUNCTION = YES;
				GCC_WARN_UNUSED_VARIABLE = YES;
				IPHONEOS_DEPLOYMENT_TARGET = 17.0;
				LOCALIZATION_PREFERS_STRING_CATALOGS = YES;
				MTL_ENABLE_DEBUG_INFO = NO;
				MTL_FAST_MATH = YES;
				SDKROOT = iphoneos;
				SWIFT_COMPILATION_MODE = wholemodule;
				VALIDATE_PRODUCT = YES;
			};
			name = Release;
		};
		60C8939F2BA91511003EC191 /* Debug */ = {
			isa = XCBuildConfiguration;
			buildSettings = {
				ASSETCATALOG_COMPILER_APPICON_NAME = AppIcon;
				ASSETCATALOG_COMPILER_GLOBAL_ACCENT_COLOR_NAME = AccentColor;
				CODE_SIGN_STYLE = Automatic;
				CURRENT_PROJECT_VERSION = 1;
				DEVELOPMENT_ASSET_PATHS = "\"Seen/Preview Content\"";
				ENABLE_PREVIEWS = YES;
				GENERATE_INFOPLIST_FILE = YES;
				INFOPLIST_KEY_UIApplicationSceneManifest_Generation = YES;
				INFOPLIST_KEY_UIApplicationSupportsIndirectInputEvents = YES;
				INFOPLIST_KEY_UILaunchScreen_Generation = YES;
				INFOPLIST_KEY_UISupportedInterfaceOrientations_iPad = "UIInterfaceOrientationPortrait UIInterfaceOrientationPortraitUpsideDown UIInterfaceOrientationLandscapeLeft UIInterfaceOrientationLandscapeRight";
				INFOPLIST_KEY_UISupportedInterfaceOrientations_iPhone = "UIInterfaceOrientationPortrait UIInterfaceOrientationLandscapeLeft UIInterfaceOrientationLandscapeRight";
				LD_RUNPATH_SEARCH_PATHS = (
					"$(inherited)",
					"@executable_path/Frameworks",
				);
				MARKETING_VERSION = 1.0;
				PRODUCT_BUNDLE_IDENTIFIER = CSC780.Seen;
				PRODUCT_NAME = "$(TARGET_NAME)";
				SWIFT_EMIT_LOC_STRINGS = YES;
				SWIFT_VERSION = 5.0;
				TARGETED_DEVICE_FAMILY = "1,2";
			};
			name = Debug;
		};
		60C893A02BA91511003EC191 /* Release */ = {
			isa = XCBuildConfiguration;
			buildSettings = {
				ASSETCATALOG_COMPILER_APPICON_NAME = AppIcon;
				ASSETCATALOG_COMPILER_GLOBAL_ACCENT_COLOR_NAME = AccentColor;
				CODE_SIGN_STYLE = Automatic;
				CURRENT_PROJECT_VERSION = 1;
				DEVELOPMENT_ASSET_PATHS = "\"Seen/Preview Content\"";
				ENABLE_PREVIEWS = YES;
				GENERATE_INFOPLIST_FILE = YES;
				INFOPLIST_KEY_UIApplicationSceneManifest_Generation = YES;
				INFOPLIST_KEY_UIApplicationSupportsIndirectInputEvents = YES;
				INFOPLIST_KEY_UILaunchScreen_Generation = YES;
				INFOPLIST_KEY_UISupportedInterfaceOrientations_iPad = "UIInterfaceOrientationPortrait UIInterfaceOrientationPortraitUpsideDown UIInterfaceOrientationLandscapeLeft UIInterfaceOrientationLandscapeRight";
				INFOPLIST_KEY_UISupportedInterfaceOrientations_iPhone = "UIInterfaceOrientationPortrait UIInterfaceOrientationLandscapeLeft UIInterfaceOrientationLandscapeRight";
				LD_RUNPATH_SEARCH_PATHS = (
					"$(inherited)",
					"@executable_path/Frameworks",
				);
				MARKETING_VERSION = 1.0;
				PRODUCT_BUNDLE_IDENTIFIER = CSC780.Seen;
				PRODUCT_NAME = "$(TARGET_NAME)";
				SWIFT_EMIT_LOC_STRINGS = YES;
				SWIFT_VERSION = 5.0;
				TARGETED_DEVICE_FAMILY = "1,2";
			};
			name = Release;
		};
		60C893A22BA91511003EC191 /* Debug */ = {
			isa = XCBuildConfiguration;
			buildSettings = {
				ALWAYS_EMBED_SWIFT_STANDARD_LIBRARIES = YES;
				BUNDLE_LOADER = "$(TEST_HOST)";
				CODE_SIGN_STYLE = Automatic;
				CURRENT_PROJECT_VERSION = 1;
				GENERATE_INFOPLIST_FILE = YES;
				IPHONEOS_DEPLOYMENT_TARGET = 17.0;
				MARKETING_VERSION = 1.0;
				PRODUCT_BUNDLE_IDENTIFIER = CSC780.SeenTests;
				PRODUCT_NAME = "$(TARGET_NAME)";
				SWIFT_EMIT_LOC_STRINGS = NO;
				SWIFT_VERSION = 5.0;
				TARGETED_DEVICE_FAMILY = "1,2";
				TEST_HOST = "$(BUILT_PRODUCTS_DIR)/Seen.app/$(BUNDLE_EXECUTABLE_FOLDER_PATH)/Seen";
			};
			name = Debug;
		};
		60C893A32BA91511003EC191 /* Release */ = {
			isa = XCBuildConfiguration;
			buildSettings = {
				ALWAYS_EMBED_SWIFT_STANDARD_LIBRARIES = YES;
				BUNDLE_LOADER = "$(TEST_HOST)";
				CODE_SIGN_STYLE = Automatic;
				CURRENT_PROJECT_VERSION = 1;
				GENERATE_INFOPLIST_FILE = YES;
				IPHONEOS_DEPLOYMENT_TARGET = 17.0;
				MARKETING_VERSION = 1.0;
				PRODUCT_BUNDLE_IDENTIFIER = CSC780.SeenTests;
				PRODUCT_NAME = "$(TARGET_NAME)";
				SWIFT_EMIT_LOC_STRINGS = NO;
				SWIFT_VERSION = 5.0;
				TARGETED_DEVICE_FAMILY = "1,2";
				TEST_HOST = "$(BUILT_PRODUCTS_DIR)/Seen.app/$(BUNDLE_EXECUTABLE_FOLDER_PATH)/Seen";
			};
			name = Release;
		};
		60C893A52BA91511003EC191 /* Debug */ = {
			isa = XCBuildConfiguration;
			buildSettings = {
				ALWAYS_EMBED_SWIFT_STANDARD_LIBRARIES = YES;
				CODE_SIGN_STYLE = Automatic;
				CURRENT_PROJECT_VERSION = 1;
				GENERATE_INFOPLIST_FILE = YES;
				MARKETING_VERSION = 1.0;
				PRODUCT_BUNDLE_IDENTIFIER = CSC780.SeenUITests;
				PRODUCT_NAME = "$(TARGET_NAME)";
				SWIFT_EMIT_LOC_STRINGS = NO;
				SWIFT_VERSION = 5.0;
				TARGETED_DEVICE_FAMILY = "1,2";
				TEST_TARGET_NAME = Seen;
			};
			name = Debug;
		};
		60C893A62BA91511003EC191 /* Release */ = {
			isa = XCBuildConfiguration;
			buildSettings = {
				ALWAYS_EMBED_SWIFT_STANDARD_LIBRARIES = YES;
				CODE_SIGN_STYLE = Automatic;
				CURRENT_PROJECT_VERSION = 1;
				GENERATE_INFOPLIST_FILE = YES;
				MARKETING_VERSION = 1.0;
				PRODUCT_BUNDLE_IDENTIFIER = CSC780.SeenUITests;
				PRODUCT_NAME = "$(TARGET_NAME)";
				SWIFT_EMIT_LOC_STRINGS = NO;
				SWIFT_VERSION = 5.0;
				TARGETED_DEVICE_FAMILY = "1,2";
				TEST_TARGET_NAME = Seen;
			};
			name = Release;
		};
/* End XCBuildConfiguration section */

/* Begin XCConfigurationList section */
		60C893732BA91510003EC191 /* Build configuration list for PBXProject "Seen" */ = {
			isa = XCConfigurationList;
			buildConfigurations = (
				60C8939C2BA91511003EC191 /* Debug */,
				60C8939D2BA91511003EC191 /* Release */,
			);
			defaultConfigurationIsVisible = 0;
			defaultConfigurationName = Release;
		};
		60C8939E2BA91511003EC191 /* Build configuration list for PBXNativeTarget "Seen" */ = {
			isa = XCConfigurationList;
			buildConfigurations = (
				60C8939F2BA91511003EC191 /* Debug */,
				60C893A02BA91511003EC191 /* Release */,
			);
			defaultConfigurationIsVisible = 0;
			defaultConfigurationName = Release;
		};
		60C893A12BA91511003EC191 /* Build configuration list for PBXNativeTarget "SeenTests" */ = {
			isa = XCConfigurationList;
			buildConfigurations = (
				60C893A22BA91511003EC191 /* Debug */,
				60C893A32BA91511003EC191 /* Release */,
			);
			defaultConfigurationIsVisible = 0;
			defaultConfigurationName = Release;
		};
		60C893A42BA91511003EC191 /* Build configuration list for PBXNativeTarget "SeenUITests" */ = {
			isa = XCConfigurationList;
			buildConfigurations = (
				60C893A52BA91511003EC191 /* Debug */,
				60C893A62BA91511003EC191 /* Release */,
			);
			defaultConfigurationIsVisible = 0;
			defaultConfigurationName = Release;
		};
/* End XCConfigurationList section */
	};
	rootObject = 60C893702BA91510003EC191 /* Project object */;
}
